
Microsoft Visual Studio Solution File, Format Version 12.00
# Visual Studio Version 17
VisualStudioVersion = 17.11.35312.102
MinimumVisualStudioVersion = 10.0.40219.1
Project("{FAE04EC0-301F-11D3-BF4B-00C04F79EFBC}") = "24Cxx_Copier_Porg", "24Cxx_Copier_Porg\24Cxx_Copier_Porg.csproj", "{595ECDDE-D3A2-403D-A2D5-8D11B0E92644}"
EndProject
Global
	GlobalSection(SolutionConfigurationPlatforms) = preSolution
		Debug|Any CPU = Debug|Any CPU
		Release|Any CPU = Release|Any CPU
	EndGlobalSection
	GlobalSection(ProjectConfigurationPlatforms) = postSolution
		{595ECDDE-D3A2-403D-A2D5-8D11B0E92644}.Debug|Any CPU.ActiveCfg = Debug|Any CPU
		{595ECDDE-D3A2-403D-A2D5-8D11B0E92644}.Debug|Any CPU.Build.0 = Debug|Any CPU
		{595ECDDE-D3A2-403D-A2D5-8D11B0E92644}.Release|Any CPU.ActiveCfg = Release|Any CPU
		{595ECDDE-D3A2-403D-A2D5-8D11B0E92644}.Release|Any CPU.Build.0 = Release|Any CPU
	EndGlobalSection
	GlobalSection(SolutionProperties) = preSolution
		HideSolutionNode = FALSE
	EndGlobalSection
	GlobalSection(ExtensibilityGlobals) = postSolution
		SolutionGuid = {49D3A98E-054C-4127-8289-FFEACB8C67CC}
	EndGlobalSection
EndGlobal
